
Microsoft Visual Studio Solution File, Format Version 12.00
# Visual Studio 15
VisualStudioVersion = 15.0.28307.1500
MinimumVisualStudioVersion = 10.0.40219.1
Project("{9A19103F-16F7-4668-BE54-9A1E7A4F7556}") = "UsersHierarchy", "UsersHierarchy.csproj", "{5B8C1021-DB8B-4175-B1CF-72CD188EAADD}"
EndProject
Project("{9A19103F-16F7-4668-BE54-9A1E7A4F7556}") = "UserHierarchy.Tests", "..\UserHierarchy.Tests\UserHierarchy.Tests.csproj", "{F85CD87F-583E-41F2-A2B8-3457431FA218}"
EndProject
Global
	GlobalSection(SolutionConfigurationPlatforms) = preSolution
		Debug|Any CPU = Debug|Any CPU
		Release|Any CPU = Release|Any CPU
	EndGlobalSection
	GlobalSection(ProjectConfigurationPlatforms) = postSolution
		{5B8C1021-DB8B-4175-B1CF-72CD188EAADD}.Debug|Any CPU.ActiveCfg = Debug|Any CPU
		{5B8C1021-DB8B-4175-B1CF-72CD188EAADD}.Debug|Any CPU.Build.0 = Debug|Any CPU
		{5B8C1021-DB8B-4175-B1CF-72CD188EAADD}.Release|Any CPU.ActiveCfg = Release|Any CPU
		{5B8C1021-DB8B-4175-B1CF-72CD188EAADD}.Release|Any CPU.Build.0 = Release|Any CPU
		{F85CD87F-583E-41F2-A2B8-3457431FA218}.Debug|Any CPU.ActiveCfg = Debug|Any CPU
		{F85CD87F-583E-41F2-A2B8-3457431FA218}.Debug|Any CPU.Build.0 = Debug|Any CPU
		{F85CD87F-583E-41F2-A2B8-3457431FA218}.Release|Any CPU.ActiveCfg = Release|Any CPU
		{F85CD87F-583E-41F2-A2B8-3457431FA218}.Release|Any CPU.Build.0 = Release|Any CPU
	EndGlobalSection
	GlobalSection(SolutionProperties) = preSolution
		HideSolutionNode = FALSE
	EndGlobalSection
	GlobalSection(ExtensibilityGlobals) = postSolution
		SolutionGuid = {E995B5E3-728A-4453-8992-351B77A4C555}
	EndGlobalSection
EndGlobal
